// !$*UTF8*$!
{
	archiveVersion = 1;
	classes = {
	};
	objectVersion = 50;
	objects = {

/* Begin PBXBuildFile section */
		DD4E3D492623C2A0007A4159 /* pass1.c in Sources */ = {isa = PBXBuildFile; fileRef = DD4E3D482623C2A0007A4159 /* pass1.c */; };
		DD4E3D4E2623C2AC007A4159 /* pass2.c in Sources */ = {isa = PBXBuildFile; fileRef = DD4E3D4D2623C2AC007A4159 /* pass2.c */; };
		DD4E3D572623D0C1007A4159 /* SIC_components.c in Sources */ = {isa = PBXBuildFile; fileRef = DD4E3D562623D0C1007A4159 /* SIC_components.c */; };
		DD8268E52623B29D0023791C /* main.c in Sources */ = {isa = PBXBuildFile; fileRef = DD8268E42623B29D0023791C /* main.c */; };
		DD8268F32623B2E10023791C /* Hash_Table.c in Sources */ = {isa = PBXBuildFile; fileRef = DD8268ED2623B2E10023791C /* Hash_Table.c */; };
		DD8268F42623B2E10023791C /* Functions.c in Sources */ = {isa = PBXBuildFile; fileRef = DD8268EE2623B2E10023791C /* Functions.c */; };
		DD8268F52623B2E10023791C /* Queue.c in Sources */ = {isa = PBXBuildFile; fileRef = DD8268F22623B2E10023791C /* Queue.c */; };
/* End PBXBuildFile section */

/* Begin PBXCopyFilesBuildPhase section */
		DD8268DF2623B29D0023791C /* CopyFiles */ = {
			isa = PBXCopyFilesBuildPhase;
			buildActionMask = 2147483647;
			dstPath = /usr/share/man/man1/;
			dstSubfolderSpec = 0;
			files = (
			);
			runOnlyForDeploymentPostprocessing = 1;
		};
/* End PBXCopyFilesBuildPhase section */

/* Begin PBXFileReference section */
		DD4E3D472623C2A0007A4159 /* pass1.h */ = {isa = PBXFileReference; lastKnownFileType = sourcecode.c.h; path = pass1.h; sourceTree = "<group>"; };
		DD4E3D482623C2A0007A4159 /* pass1.c */ = {isa = PBXFileReference; lastKnownFileType = sourcecode.c.c; path = pass1.c; sourceTree = "<group>"; };
		DD4E3D4C2623C2AC007A4159 /* pass2.h */ = {isa = PBXFileReference; lastKnownFileType = sourcecode.c.h; path = pass2.h; sourceTree = "<group>"; };
		DD4E3D4D2623C2AC007A4159 /* pass2.c */ = {isa = PBXFileReference; lastKnownFileType = sourcecode.c.c; path = pass2.c; sourceTree = "<group>"; };
		DD4E3D552623D0C1007A4159 /* SIC_components.h */ = {isa = PBXFileReference; lastKnownFileType = sourcecode.c.h; path = SIC_components.h; sourceTree = "<group>"; };
		DD4E3D562623D0C1007A4159 /* SIC_components.c */ = {isa = PBXFileReference; lastKnownFileType = sourcecode.c.c; path = SIC_components.c; sourceTree = "<group>"; };
		DD8268E12623B29D0023791C /* SICLinkingLoader */ = {isa = PBXFileReference; explicitFileType = "compiled.mach-o.executable"; includeInIndex = 0; path = SICLinkingLoader; sourceTree = BUILT_PRODUCTS_DIR; };
		DD8268E42623B29D0023791C /* main.c */ = {isa = PBXFileReference; lastKnownFileType = sourcecode.c.c; path = main.c; sourceTree = "<group>"; };
		DD8268ED2623B2E10023791C /* Hash_Table.c */ = {isa = PBXFileReference; fileEncoding = 4; lastKnownFileType = sourcecode.c.c; path = Hash_Table.c; sourceTree = "<group>"; };
		DD8268EE2623B2E10023791C /* Functions.c */ = {isa = PBXFileReference; fileEncoding = 4; lastKnownFileType = sourcecode.c.c; path = Functions.c; sourceTree = "<group>"; };
		DD8268EF2623B2E10023791C /* Functions.h */ = {isa = PBXFileReference; fileEncoding = 4; lastKnownFileType = sourcecode.c.h; path = Functions.h; sourceTree = "<group>"; };
		DD8268F02623B2E10023791C /* Queue.h */ = {isa = PBXFileReference; fileEncoding = 4; lastKnownFileType = sourcecode.c.h; path = Queue.h; sourceTree = "<group>"; };
		DD8268F12623B2E10023791C /* Hash_Table.h */ = {isa = PBXFileReference; fileEncoding = 4; lastKnownFileType = sourcecode.c.h; path = Hash_Table.h; sourceTree = "<group>"; };
		DD8268F22623B2E10023791C /* Queue.c */ = {isa = PBXFileReference; fileEncoding = 4; lastKnownFileType = sourcecode.c.c; path = Queue.c; sourceTree = "<group>"; };
/* End PBXFileReference section */

/* Begin PBXFrameworksBuildPhase section */
		DD8268DE2623B29D0023791C /* Frameworks */ = {
			isa = PBXFrameworksBuildPhase;
			buildActionMask = 2147483647;
			files = (
			);
			runOnlyForDeploymentPostprocessing = 0;
		};
/* End PBXFrameworksBuildPhase section */

/* Begin PBXGroup section */
		DD4E3D462623C28C007A4159 /* SIC */ = {
			isa = PBXGroup;
			children = (
				DD4E3D472623C2A0007A4159 /* pass1.h */,
				DD4E3D482623C2A0007A4159 /* pass1.c */,
				DD4E3D4C2623C2AC007A4159 /* pass2.h */,
				DD4E3D4D2623C2AC007A4159 /* pass2.c */,
				DD4E3D552623D0C1007A4159 /* SIC_components.h */,
				DD4E3D562623D0C1007A4159 /* SIC_components.c */,
			);
			path = SIC;
			sourceTree = "<group>";
		};
		DD8268D82623B29D0023791C = {
			isa = PBXGroup;
			children = (
				DD8268E42623B29D0023791C /* main.c */,
				DD8268EC2623B2A90023791C /* lib */,
				DD4E3D462623C28C007A4159 /* SIC */,
				DD8268E22623B29D0023791C /* Products */,
			);
			sourceTree = "<group>";
		};
		DD8268E22623B29D0023791C /* Products */ = {
			isa = PBXGroup;
			children = (
				DD8268E12623B29D0023791C /* SICLinkingLoader */,
			);
			name = Products;
			sourceTree = "<group>";
		};
		DD8268EC2623B2A90023791C /* lib */ = {
			isa = PBXGroup;
			children = (
				DD8268EE2623B2E10023791C /* Functions.c */,
				DD8268EF2623B2E10023791C /* Functions.h */,
				DD8268ED2623B2E10023791C /* Hash_Table.c */,
				DD8268F12623B2E10023791C /* Hash_Table.h */,
				DD8268F22623B2E10023791C /* Queue.c */,
				DD8268F02623B2E10023791C /* Queue.h */,
			);
			path = lib;
			sourceTree = "<group>";
		};
/* End PBXGroup section */

/* Begin PBXNativeTarget section */
		DD8268E02623B29D0023791C /* SICLinkingLoader */ = {
			isa = PBXNativeTarget;
			buildConfigurationList = DD8268E82623B29D0023791C /* Build configuration list for PBXNativeTarget "SICLinkingLoader" */;
			buildPhases = (
				DD8268DD2623B29D0023791C /* Sources */,
				DD8268DE2623B29D0023791C /* Frameworks */,
				DD8268DF2623B29D0023791C /* CopyFiles */,
			);
			buildRules = (
			);
			dependencies = (
			);
			name = SICLinkingLoader;
			productName = SICLinkingLoader;
			productReference = DD8268E12623B29D0023791C /* SICLinkingLoader */;
			productType = "com.apple.product-type.tool";
		};
/* End PBXNativeTarget section */

/* Begin PBXProject section */
		DD8268D92623B29D0023791C /* Project object */ = {
			isa = PBXProject;
			attributes = {
				LastUpgradeCheck = 1240;
				TargetAttributes = {
					DD8268E02623B29D0023791C = {
						CreatedOnToolsVersion = 12.4;
					};
				};
			};
			buildConfigurationList = DD8268DC2623B29D0023791C /* Build configuration list for PBXProject "SICLinkingLoader" */;
			compatibilityVersion = "Xcode 9.3";
			developmentRegion = en;
			hasScannedForEncodings = 0;
			knownRegions = (
				en,
				Base,
			);
			mainGroup = DD8268D82623B29D0023791C;
			productRefGroup = DD8268E22623B29D0023791C /* Products */;
			projectDirPath = "";
			projectRoot = "";
			targets = (
				DD8268E02623B29D0023791C /* SICLinkingLoader */,
			);
		};
/* End PBXProject section */

/* Begin PBXSourcesBuildPhase section */
		DD8268DD2623B29D0023791C /* Sources */ = {
			isa = PBXSourcesBuildPhase;
			buildActionMask = 2147483647;
			files = (
				DD4E3D572623D0C1007A4159 /* SIC_components.c in Sources */,
				DD8268F42623B2E10023791C /* Functions.c in Sources */,
				DD4E3D492623C2A0007A4159 /* pass1.c in Sources */,
				DD8268F52623B2E10023791C /* Queue.c in Sources */,
				DD4E3D4E2623C2AC007A4159 /* pass2.c in Sources */,
				DD8268F32623B2E10023791C /* Hash_Table.c in Sources */,
				DD8268E52623B29D0023791C /* main.c in Sources */,
			);
			runOnlyForDeploymentPostprocessing = 0;
		};
/* End PBXSourcesBuildPhase section */

/* Begin XCBuildConfiguration section */
		DD8268E62623B29D0023791C /* Debug */ = {
			isa = XCBuildConfiguration;
			buildSettings = {
				ALWAYS_SEARCH_USER_PATHS = NO;
				CLANG_ANALYZER_NONNULL = YES;
				CLANG_ANALYZER_NUMBER_OBJECT_CONVERSION = YES_AGGRESSIVE;
				CLANG_CXX_LANGUAGE_STANDARD = "gnu++14";
				CLANG_CXX_LIBRARY = "libc++";
				CLANG_ENABLE_MODULES = YES;
				CLANG_ENABLE_OBJC_ARC = YES;
				CLANG_ENABLE_OBJC_WEAK = YES;
				CLANG_WARN_BLOCK_CAPTURE_AUTORELEASING = YES;
				CLANG_WARN_BOOL_CONVERSION = YES;
				CLANG_WARN_COMMA = YES;
				CLANG_WARN_CONSTANT_CONVERSION = YES;
				CLANG_WARN_DEPRECATED_OBJC_IMPLEMENTATIONS = YES;
				CLANG_WARN_DIRECT_OBJC_ISA_USAGE = YES_ERROR;
				CLANG_WARN_DOCUMENTATION_COMMENTS = YES;
				CLANG_WARN_EMPTY_BODY = YES;
				CLANG_WARN_ENUM_CONVERSION = YES;
				CLANG_WARN_INFINITE_RECURSION = YES;
				CLANG_WARN_INT_CONVERSION = YES;
				CLANG_WARN_NON_LITERAL_NULL_CONVERSION = YES;
				CLANG_WARN_OBJC_IMPLICIT_RETAIN_SELF = YES;
				CLANG_WARN_OBJC_LITERAL_CONVERSION = YES;
				CLANG_WARN_OBJC_ROOT_CLASS = YES_ERROR;
				CLANG_WARN_QUOTED_INCLUDE_IN_FRAMEWORK_HEADER = YES;
				CLANG_WARN_RANGE_LOOP_ANALYSIS = YES;
				CLANG_WARN_STRICT_PROTOTYPES = YES;
				CLANG_WARN_SUSPICIOUS_MOVE = YES;
				CLANG_WARN_UNGUARDED_AVAILABILITY = YES_AGGRESSIVE;
				CLANG_WARN_UNREACHABLE_CODE = YES;
				CLANG_WARN__DUPLICATE_METHOD_MATCH = YES;
				COPY_PHASE_STRIP = NO;
				DEBUG_INFORMATION_FORMAT = dwarf;
				ENABLE_STRICT_OBJC_MSGSEND = YES;
				ENABLE_TESTABILITY = YES;
				GCC_C_LANGUAGE_STANDARD = gnu11;
				GCC_DYNAMIC_NO_PIC = NO;
				GCC_NO_COMMON_BLOCKS = YES;
				GCC_OPTIMIZATION_LEVEL = 0;
				GCC_PREPROCESSOR_DEFINITIONS = (
					"DEBUG=1",
					"$(inherited)",
				);
				GCC_WARN_64_TO_32_BIT_CONVERSION = YES;
				GCC_WARN_ABOUT_RETURN_TYPE = YES_ERROR;
				GCC_WARN_UNDECLARED_SELECTOR = YES;
				GCC_WARN_UNINITIALIZED_AUTOS = YES_AGGRESSIVE;
				GCC_WARN_UNUSED_FUNCTION = YES;
				GCC_WARN_UNUSED_VARIABLE = YES;
				MACOSX_DEPLOYMENT_TARGET = 11.1;
				MTL_ENABLE_DEBUG_INFO = INCLUDE_SOURCE;
				MTL_FAST_MATH = YES;
				ONLY_ACTIVE_ARCH = YES;
				SDKROOT = macosx;
			};
			name = Debug;
		};
		DD8268E72623B29D0023791C /* Release */ = {
			isa = XCBuildConfiguration;
			buildSettings = {
				ALWAYS_SEARCH_USER_PATHS = NO;
				CLANG_ANALYZER_NONNULL = YES;
				CLANG_ANALYZER_NUMBER_OBJECT_CONVERSION = YES_AGGRESSIVE;
				CLANG_CXX_LANGUAGE_STANDARD = "gnu++14";
				CLANG_CXX_LIBRARY = "libc++";
				CLANG_ENABLE_MODULES = YES;
				CLANG_ENABLE_OBJC_ARC = YES;
				CLANG_ENABLE_OBJC_WEAK = YES;
				CLANG_WARN_BLOCK_CAPTURE_AUTORELEASING = YES;
				CLANG_WARN_BOOL_CONVERSION = YES;
				CLANG_WARN_COMMA = YES;
				CLANG_WARN_CONSTANT_CONVERSION = YES;
				CLANG_WARN_DEPRECATED_OBJC_IMPLEMENTATIONS = YES;
				CLANG_WARN_DIRECT_OBJC_ISA_USAGE = YES_ERROR;
				CLANG_WARN_DOCUMENTATION_COMMENTS = YES;
				CLANG_WARN_EMPTY_BODY = YES;
				CLANG_WARN_ENUM_CONVERSION = YES;
				CLANG_WARN_INFINITE_RECURSION = YES;
				CLANG_WARN_INT_CONVERSION = YES;
				CLANG_WARN_NON_LITERAL_NULL_CONVERSION = YES;
				CLANG_WARN_OBJC_IMPLICIT_RETAIN_SELF = YES;
				CLANG_WARN_OBJC_LITERAL_CONVERSION = YES;
				CLANG_WARN_OBJC_ROOT_CLASS = YES_ERROR;
				CLANG_WARN_QUOTED_INCLUDE_IN_FRAMEWORK_HEADER = YES;
				CLANG_WARN_RANGE_LOOP_ANALYSIS = YES;
				CLANG_WARN_STRICT_PROTOTYPES = YES;
				CLANG_WARN_SUSPICIOUS_MOVE = YES;
				CLANG_WARN_UNGUARDED_AVAILABILITY = YES_AGGRESSIVE;
				CLANG_WARN_UNREACHABLE_CODE = YES;
				CLANG_WARN__DUPLICATE_METHOD_MATCH = YES;
				COPY_PHASE_STRIP = NO;
				DEBUG_INFORMATION_FORMAT = "dwarf-with-dsym";
				ENABLE_NS_ASSERTIONS = NO;
				ENABLE_STRICT_OBJC_MSGSEND = YES;
				GCC_C_LANGUAGE_STANDARD = gnu11;
				GCC_NO_COMMON_BLOCKS = YES;
				GCC_WARN_64_TO_32_BIT_CONVERSION = YES;
				GCC_WARN_ABOUT_RETURN_TYPE = YES_ERROR;
				GCC_WARN_UNDECLARED_SELECTOR = YES;
				GCC_WARN_UNINITIALIZED_AUTOS = YES_AGGRESSIVE;
				GCC_WARN_UNUSED_FUNCTION = YES;
				GCC_WARN_UNUSED_VARIABLE = YES;
				MACOSX_DEPLOYMENT_TARGET = 11.1;
				MTL_ENABLE_DEBUG_INFO = NO;
				MTL_FAST_MATH = YES;
				SDKROOT = macosx;
			};
			name = Release;
		};
		DD8268E92623B29D0023791C /* Debug */ = {
			isa = XCBuildConfiguration;
			buildSettings = {
				CODE_SIGN_STYLE = Automatic;
				PRODUCT_NAME = "$(TARGET_NAME)";
			};
			name = Debug;
		};
		DD8268EA2623B29D0023791C /* Release */ = {
			isa = XCBuildConfiguration;
			buildSettings = {
				CODE_SIGN_STYLE = Automatic;
				PRODUCT_NAME = "$(TARGET_NAME)";
			};
			name = Release;
		};
/* End XCBuildConfiguration section */

/* Begin XCConfigurationList section */
		DD8268DC2623B29D0023791C /* Build configuration list for PBXProject "SICLinkingLoader" */ = {
			isa = XCConfigurationList;
			buildConfigurations = (
				DD8268E62623B29D0023791C /* Debug */,
				DD8268E72623B29D0023791C /* Release */,
			);
			defaultConfigurationIsVisible = 0;
			defaultConfigurationName = Release;
		};
		DD8268E82623B29D0023791C /* Build configuration list for PBXNativeTarget "SICLinkingLoader" */ = {
			isa = XCConfigurationList;
			buildConfigurations = (
				DD8268E92623B29D0023791C /* Debug */,
				DD8268EA2623B29D0023791C /* Release */,
			);
			defaultConfigurationIsVisible = 0;
			defaultConfigurationName = Release;
		};
/* End XCConfigurationList section */
	};
	rootObject = DD8268D92623B29D0023791C /* Project object */;
}
